<?xml version="1.0" encoding="UTF-8"?>
<!DOCTYPE plist PUBLIC "-//Apple//DTD PLIST 1.0//EN" "http://www.apple.com/DTDs/PropertyList-1.0.dtd">
<plist version="1.0">
<dict>
	<key>hostname</key>
	<string>Anthonys-MacBook-Air.local</string>
	<key>hostuuid</key>
	<string>E182017B-9910-5E65-83A2-941E5EE9CD62</string>
	<key>pid</key>
	<integer>863</integer>
	<key>processname</key>
	<string>photolibraryd</string>
	<key>uid</key>
	<integer>501</integer>
</dict>
</plist>
